
Microsoft Visual Studio Solution File, Format Version 12.00
# Visual Studio 15
VisualStudioVersion = 15.0.27130.2010
MinimumVisualStudioVersion = 10.0.40219.1
Project("{FAE04EC0-301F-11D3-BF4B-00C04F79EFBC}") = "SpecificEnergyCalculator", "SpecificEnergyCalculator\SpecificEnergyCalculator.csproj", "{81E55502-4436-4BA9-BB3C-FACB678FEB65}"
EndProject
Global
	GlobalSection(SolutionConfigurationPlatforms) = preSolution
		Debug|Any CPU = Debug|Any CPU
		Release|Any CPU = Release|Any CPU
	EndGlobalSection
	GlobalSection(ProjectConfigurationPlatforms) = postSolution
		{81E55502-4436-4BA9-BB3C-FACB678FEB65}.Debug|Any CPU.ActiveCfg = Debug|Any CPU
		{81E55502-4436-4BA9-BB3C-FACB678FEB65}.Debug|Any CPU.Build.0 = Debug|Any CPU
		{81E55502-4436-4BA9-BB3C-FACB678FEB65}.Release|Any CPU.ActiveCfg = Release|Any CPU
		{81E55502-4436-4BA9-BB3C-FACB678FEB65}.Release|Any CPU.Build.0 = Release|Any CPU
	EndGlobalSection
	GlobalSection(SolutionProperties) = preSolution
		HideSolutionNode = FALSE
	EndGlobalSection
	GlobalSection(ExtensibilityGlobals) = postSolution
		SolutionGuid = {96558449-4E31-47A8-B6F5-33944B24DB8C}
	EndGlobalSection
EndGlobal
